
Microsoft Visual Studio Solution File, Format Version 12.00
# Visual Studio Version 17
VisualStudioVersion = 17.3.32922.545
MinimumVisualStudioVersion = 10.0.40219.1
Project("{FAE04EC0-301F-11D3-BF4B-00C04F79EFBC}") = "CompareItems", "CompareItems\CompareItems.csproj", "{9EBFACB3-CE4B-4A12-8F67-35769E59E4D1}"
EndProject
Global
	GlobalSection(SolutionConfigurationPlatforms) = preSolution
		Debug|Any CPU = Debug|Any CPU
		Release|Any CPU = Release|Any CPU
	EndGlobalSection
	GlobalSection(ProjectConfigurationPlatforms) = postSolution
		{9EBFACB3-CE4B-4A12-8F67-35769E59E4D1}.Debug|Any CPU.ActiveCfg = Debug|Any CPU
		{9EBFACB3-CE4B-4A12-8F67-35769E59E4D1}.Debug|Any CPU.Build.0 = Debug|Any CPU
		{9EBFACB3-CE4B-4A12-8F67-35769E59E4D1}.Release|Any CPU.ActiveCfg = Release|Any CPU
		{9EBFACB3-CE4B-4A12-8F67-35769E59E4D1}.Release|Any CPU.Build.0 = Release|Any CPU
	EndGlobalSection
	GlobalSection(SolutionProperties) = preSolution
		HideSolutionNode = FALSE
	EndGlobalSection
	GlobalSection(ExtensibilityGlobals) = postSolution
		SolutionGuid = {69FBE065-2B3C-4AA2-9A09-18882B198C38}
	EndGlobalSection
EndGlobal
